dependencies:
  dsi_init:
    dependencies:
    - name: espressif/esp_lcd_ili9881c
      version: ^1.0.0
    - name: espressif/esp_lcd_ek79007
      version: ^1.0.0
    - name: waveshare/esp_lcd_jd9365_10_1
      version: ^0.0.4
    - name: idf
      version: '>=5.3.0'
    source:
      path: /home/andreas/development/idfsource/camvx/components/dsi_init
      type: local
    version: '*'
  espressif/cmake_utilities:
    component_hash: 351350613ceafba240b761b4ea991e0f231ac7a9f59a9ee901f751bddc0bb18f
    dependencies:
    - name: idf
      require: private
      version: '>=4.1'
    source:
      registry_url: https://components.espressif.com
      type: service
    version: 0.5.3
  espressif/esp_cam_sensor:
    component_hash: f5b7333b92c4a543c73ab7b7f3f09393717c746c577767e6b5197104379efb3b
    dependencies:
    - name: espressif/cmake_utilities
      registry_url: https://components.espressif.com
      require: private
      version: 0.*
    - name: espressif/esp_sccb_intf
      registry_url: https://components.espressif.com
      require: private
      version: '>=0.0.2'
    - name: idf
      require: private
      version: '>=5.3'
    source:
      registry_url: https://components.espressif.com/
      type: service
    targets:
    - esp32p4
    version: 0.5.5
  espressif/esp_lcd_ek79007:
    component_hash: 8005700b7f10c7136b6e2a3f19a48f972aa1d13ed107ed298574e8d24d17ea83
    dependencies:
    - name: espressif/cmake_utilities
      registry_url: https://components.espressif.com
      require: private
      version: 0.*
    - name: idf
      require: private
      version: '>=5.3'
    source:
      registry_url: https://components.espressif.com/
      type: service
    targets:
    - esp32p4
    version: 1.0.4
  espressif/esp_lcd_ili9881c:
    component_hash: eb9ba0484d1d14171b69e5d192716fb1cdd6ef068aa4014dc3202486e124498e
    dependencies:
    - name: idf
      require: private
      version: '>=5.3'
    source:
      registry_url: https://components.espressif.com/
      type: service
    targets:
    - esp32p4
    version: 1.0.2
  espressif/esp_sccb_intf:
    component_hash: 8345dc8ec72c38716f86bb439394aa3e6ae5b773078365016b009b3dba4549a8
    dependencies:
    - name: idf
      require: private
      version: '>=5.3'
    source:
      registry_url: https://components.espressif.com
      type: service
    version: 0.0.6
  idf:
    source:
      type: idf
    version: 5.5.1
  sensor_init:
    dependencies:
    - name: espressif/esp_cam_sensor
      version: ^0.5.1
    - name: idf
      version: '>=5.3.0'
    source:
      path: /home/andreas/development/idfsource/camvx/components/sensor_init
      type: local
    version: '*'
  waveshare/esp_lcd_jd9365_10_1:
    component_hash: 698a894ecac3701dda7f64d35ca30cb2a0b48cfc56cda14eb19c9ba7aad204ed
    dependencies:
    - name: idf
      require: private
      version: '>=5.3'
    - name: espressif/cmake_utilities
      registry_url: https://components.espressif.com
      require: private
      version: 0.*
    source:
      registry_url: https://components.espressif.com/
      type: service
    targets:
    - esp32p4
    version: 0.0.4
direct_dependencies:
- dsi_init
- espressif/esp_cam_sensor
- espressif/esp_lcd_ek79007
- espressif/esp_lcd_ili9881c
- idf
- sensor_init
- waveshare/esp_lcd_jd9365_10_1
manifest_hash: 3bf90d9537c7f584fad501d91bed33fd813c024627eee77b638a4041916d3ba5
target: esp32p4
version: 2.0.0
